
Microsoft Visual Studio Solution File, Format Version 12.00
# Visual Studio Version 17
VisualStudioVersion = 17.7.34009.444
MinimumVisualStudioVersion = 10.0.40219.1
Project("{9A19103F-16F7-4668-BE54-9A1E7A4F7556}") = "FoodFiestaApp", "FoodFiestaApp\FoodFiestaApp.csproj", "{A3AB2A11-FDFE-489A-B4FB-6822D4E08339}"
EndProject
Project("{FAE04EC0-301F-11D3-BF4B-00C04F79EFBC}") = "FoodFiestaWebsite", "FoodFiestaWebsite\FoodFiestaWebsite.csproj", "{B35ED112-5199-4C63-9539-9CBA34BDCAC4}"
EndProject
Global
	GlobalSection(SolutionConfigurationPlatforms) = preSolution
		Debug|Any CPU = Debug|Any CPU
		Release|Any CPU = Release|Any CPU
	EndGlobalSection
	GlobalSection(ProjectConfigurationPlatforms) = postSolution
		{A3AB2A11-FDFE-489A-B4FB-6822D4E08339}.Debug|Any CPU.ActiveCfg = Debug|Any CPU
		{A3AB2A11-FDFE-489A-B4FB-6822D4E08339}.Debug|Any CPU.Build.0 = Debug|Any CPU
		{A3AB2A11-FDFE-489A-B4FB-6822D4E08339}.Release|Any CPU.ActiveCfg = Release|Any CPU
		{A3AB2A11-FDFE-489A-B4FB-6822D4E08339}.Release|Any CPU.Build.0 = Release|Any CPU
		{B35ED112-5199-4C63-9539-9CBA34BDCAC4}.Debug|Any CPU.ActiveCfg = Debug|Any CPU
		{B35ED112-5199-4C63-9539-9CBA34BDCAC4}.Debug|Any CPU.Build.0 = Debug|Any CPU
		{B35ED112-5199-4C63-9539-9CBA34BDCAC4}.Release|Any CPU.ActiveCfg = Release|Any CPU
		{B35ED112-5199-4C63-9539-9CBA34BDCAC4}.Release|Any CPU.Build.0 = Release|Any CPU
	EndGlobalSection
	GlobalSection(SolutionProperties) = preSolution
		HideSolutionNode = FALSE
	EndGlobalSection
	GlobalSection(ExtensibilityGlobals) = postSolution
		SolutionGuid = {AF675768-7797-4779-B06A-11C828421354}
	EndGlobalSection
EndGlobal
